
Microsoft Visual Studio Solution File, Format Version 12.00
# Visual Studio Version 17
VisualStudioVersion = 17.14.36811.4 d17.14
MinimumVisualStudioVersion = 10.0.40219.1
Project("{8BC9CEB8-8B4A-11D0-8D11-00A0C91BC942}") = "sokol_scene_editor", "sokol_scene_editor\sokol_scene_editor.vcxproj", "{979CAEAC-20F3-410A-80E1-93C36A37BE60}"
EndProject
Global
	GlobalSection(SolutionConfigurationPlatforms) = preSolution
		Debug|x64 = Debug|x64
		Debug|x86 = Debug|x86
		Release|x64 = Release|x64
		Release|x86 = Release|x86
	EndGlobalSection
	GlobalSection(ProjectConfigurationPlatforms) = postSolution
		{979CAEAC-20F3-410A-80E1-93C36A37BE60}.Debug|x64.ActiveCfg = Debug|x64
		{979CAEAC-20F3-410A-80E1-93C36A37BE60}.Debug|x64.Build.0 = Debug|x64
		{979CAEAC-20F3-410A-80E1-93C36A37BE60}.Debug|x86.ActiveCfg = Debug|Win32
		{979CAEAC-20F3-410A-80E1-93C36A37BE60}.Debug|x86.Build.0 = Debug|Win32
		{979CAEAC-20F3-410A-80E1-93C36A37BE60}.Release|x64.ActiveCfg = Release|x64
		{979CAEAC-20F3-410A-80E1-93C36A37BE60}.Release|x64.Build.0 = Release|x64
		{979CAEAC-20F3-410A-80E1-93C36A37BE60}.Release|x86.ActiveCfg = Release|Win32
		{979CAEAC-20F3-410A-80E1-93C36A37BE60}.Release|x86.Build.0 = Release|Win32
	EndGlobalSection
	GlobalSection(SolutionProperties) = preSolution
		HideSolutionNode = FALSE
	EndGlobalSection
	GlobalSection(ExtensibilityGlobals) = postSolution
		SolutionGuid = {A754969F-A19C-457D-B7A2-28E3F71874DD}
	EndGlobalSection
EndGlobal
